
Microsoft Visual Studio Solution File, Format Version 12.00
# Visual Studio Version 17
VisualStudioVersion = 17.6.33815.320
MinimumVisualStudioVersion = 10.0.40219.1
Project("{FAE04EC0-301F-11D3-BF4B-00C04F79EFBC}") = "TorRelayScannerCS", "TorRelayScannerCS\TorRelayScannerCS.csproj", "{5BADB1A3-ADCE-4538-A7F0-B5EFF1D46F4D}"
EndProject
Global
	GlobalSection(SolutionConfigurationPlatforms) = preSolution
		Debug|Any CPU = Debug|Any CPU
		Release|Any CPU = Release|Any CPU
	EndGlobalSection
	GlobalSection(ProjectConfigurationPlatforms) = postSolution
		{5BADB1A3-ADCE-4538-A7F0-B5EFF1D46F4D}.Debug|Any CPU.ActiveCfg = Debug|Any CPU
		{5BADB1A3-ADCE-4538-A7F0-B5EFF1D46F4D}.Debug|Any CPU.Build.0 = Debug|Any CPU
		{5BADB1A3-ADCE-4538-A7F0-B5EFF1D46F4D}.Release|Any CPU.ActiveCfg = Release|Any CPU
		{5BADB1A3-ADCE-4538-A7F0-B5EFF1D46F4D}.Release|Any CPU.Build.0 = Release|Any CPU
	EndGlobalSection
	GlobalSection(SolutionProperties) = preSolution
		HideSolutionNode = FALSE
	EndGlobalSection
	GlobalSection(ExtensibilityGlobals) = postSolution
		SolutionGuid = {795F30C1-FEAE-4F7B-80C9-42120ECA1051}
	EndGlobalSection
EndGlobal
